
Microsoft Visual Studio Solution File, Format Version 12.00
# Visual Studio Version 17
VisualStudioVersion = 17.12.35707.178
MinimumVisualStudioVersion = 10.0.40219.1
Project("{FAE04EC0-301F-11D3-BF4B-00C04F79EFBC}") = "SAE_POMPIER_A21", "SAE_POMPIER_A21\SAE_POMPIER_A21.csproj", "{513D9E23-5BE2-4A15-9414-3E77006B5002}"
EndProject
Project("{FAE04EC0-301F-11D3-BF4B-00C04F79EFBC}") = "Volet3", "..\Volet3\Volet3\Volet3.csproj", "{B2AE8B18-1603-4A7E-8D42-310608066759}"
EndProject
Project("{FAE04EC0-301F-11D3-BF4B-00C04F79EFBC}") = "CreationMission", "..\CreationMission\CreationMission.csproj", "{658BDC99-D4E9-4DE4-AFFD-FEA2501072DC}"
EndProject
Project("{FAE04EC0-301F-11D3-BF4B-00C04F79EFBC}") = "SAEA21-Form5-StatRegu", "..\SAEA21-Form5-StatRegu\SAEA21-Form5-StatRegu\SAEA21-Form5-StatRegu.csproj", "{3C089D28-3205-41A4-A624-59A5AAB041F7}"
EndProject
Project("{FAE04EC0-301F-11D3-BF4B-00C04F79EFBC}") = "SEAA21-Form4", "..\SEAA21-Form4\SEAA21-Form4\SEAA21-Form4.csproj", "{423D9434-F73C-4665-9C34-9AB4A79C3AE9}"
EndProject
Global
	GlobalSection(SolutionConfigurationPlatforms) = preSolution
		Debug|Any CPU = Debug|Any CPU
		Release|Any CPU = Release|Any CPU
	EndGlobalSection
	GlobalSection(ProjectConfigurationPlatforms) = postSolution
		{513D9E23-5BE2-4A15-9414-3E77006B5002}.Debug|Any CPU.ActiveCfg = Debug|Any CPU
		{513D9E23-5BE2-4A15-9414-3E77006B5002}.Debug|Any CPU.Build.0 = Debug|Any CPU
		{513D9E23-5BE2-4A15-9414-3E77006B5002}.Release|Any CPU.ActiveCfg = Release|Any CPU
		{513D9E23-5BE2-4A15-9414-3E77006B5002}.Release|Any CPU.Build.0 = Release|Any CPU
		{B2AE8B18-1603-4A7E-8D42-310608066759}.Debug|Any CPU.ActiveCfg = Debug|Any CPU
		{B2AE8B18-1603-4A7E-8D42-310608066759}.Debug|Any CPU.Build.0 = Debug|Any CPU
		{B2AE8B18-1603-4A7E-8D42-310608066759}.Release|Any CPU.ActiveCfg = Release|Any CPU
		{B2AE8B18-1603-4A7E-8D42-310608066759}.Release|Any CPU.Build.0 = Release|Any CPU
		{658BDC99-D4E9-4DE4-AFFD-FEA2501072DC}.Debug|Any CPU.ActiveCfg = Debug|Any CPU
		{658BDC99-D4E9-4DE4-AFFD-FEA2501072DC}.Debug|Any CPU.Build.0 = Debug|Any CPU
		{658BDC99-D4E9-4DE4-AFFD-FEA2501072DC}.Release|Any CPU.ActiveCfg = Release|Any CPU
		{658BDC99-D4E9-4DE4-AFFD-FEA2501072DC}.Release|Any CPU.Build.0 = Release|Any CPU
		{3C089D28-3205-41A4-A624-59A5AAB041F7}.Debug|Any CPU.ActiveCfg = Debug|Any CPU
		{3C089D28-3205-41A4-A624-59A5AAB041F7}.Debug|Any CPU.Build.0 = Debug|Any CPU
		{3C089D28-3205-41A4-A624-59A5AAB041F7}.Release|Any CPU.ActiveCfg = Release|Any CPU
		{3C089D28-3205-41A4-A624-59A5AAB041F7}.Release|Any CPU.Build.0 = Release|Any CPU
		{423D9434-F73C-4665-9C34-9AB4A79C3AE9}.Debug|Any CPU.ActiveCfg = Debug|Any CPU
		{423D9434-F73C-4665-9C34-9AB4A79C3AE9}.Debug|Any CPU.Build.0 = Debug|Any CPU
		{423D9434-F73C-4665-9C34-9AB4A79C3AE9}.Release|Any CPU.ActiveCfg = Release|Any CPU
		{423D9434-F73C-4665-9C34-9AB4A79C3AE9}.Release|Any CPU.Build.0 = Release|Any CPU
	EndGlobalSection
	GlobalSection(SolutionProperties) = preSolution
		HideSolutionNode = FALSE
	EndGlobalSection
EndGlobal
