
Microsoft Visual Studio Solution File, Format Version 12.00
# Visual Studio Version 17
VisualStudioVersion = 17.10.34928.147
MinimumVisualStudioVersion = 10.0.40219.1
Project("{FAE04EC0-301F-11D3-BF4B-00C04F79EFBC}") = "Volet3", "Volet3.csproj", "{B2AE8B18-1603-4A7E-8D42-310608066759}"
EndProject
Global
	GlobalSection(SolutionConfigurationPlatforms) = preSolution
		Debug|Any CPU = Debug|Any CPU
		Release|Any CPU = Release|Any CPU
	EndGlobalSection
	GlobalSection(ProjectConfigurationPlatforms) = postSolution
		{B2AE8B18-1603-4A7E-8D42-310608066759}.Debug|Any CPU.ActiveCfg = Debug|Any CPU
		{B2AE8B18-1603-4A7E-8D42-310608066759}.Debug|Any CPU.Build.0 = Debug|Any CPU
		{B2AE8B18-1603-4A7E-8D42-310608066759}.Release|Any CPU.ActiveCfg = Release|Any CPU
		{B2AE8B18-1603-4A7E-8D42-310608066759}.Release|Any CPU.Build.0 = Release|Any CPU
	EndGlobalSection
	GlobalSection(SolutionProperties) = preSolution
		HideSolutionNode = FALSE
	EndGlobalSection
	GlobalSection(ExtensibilityGlobals) = postSolution
		SolutionGuid = {F9C3583A-120E-4E1D-8CAB-10C12A00B86F}
	EndGlobalSection
EndGlobal
